
Microsoft Visual Studio Solution File, Format Version 12.00
# Visual Studio Version 17
VisualStudioVersion = 17.10.34928.147
MinimumVisualStudioVersion = 10.0.40219.1
Project("{FAE04EC0-301F-11D3-BF4B-00C04F79EFBC}") = "TeeJay", "TeeJay\TeeJay.csproj", "{C7119D3C-485F-49AB-867B-68DEF49D078B}"
EndProject
Project("{FAE04EC0-301F-11D3-BF4B-00C04F79EFBC}") = "Core", "Core\Core.csproj", "{ADA5D082-B314-4991-85EB-3010EAA9614D}"
EndProject
Project("{FAE04EC0-301F-11D3-BF4B-00C04F79EFBC}") = "Data", "Data\Data.csproj", "{6C6A2794-8BC8-4FF8-8648-A51C1B288C86}"
EndProject
Global
	GlobalSection(SolutionConfigurationPlatforms) = preSolution
		Debug|Any CPU = Debug|Any CPU
		Release|Any CPU = Release|Any CPU
	EndGlobalSection
	GlobalSection(ProjectConfigurationPlatforms) = postSolution
		{C7119D3C-485F-49AB-867B-68DEF49D078B}.Debug|Any CPU.ActiveCfg = Debug|Any CPU
		{C7119D3C-485F-49AB-867B-68DEF49D078B}.Debug|Any CPU.Build.0 = Debug|Any CPU
		{C7119D3C-485F-49AB-867B-68DEF49D078B}.Release|Any CPU.ActiveCfg = Release|Any CPU
		{C7119D3C-485F-49AB-867B-68DEF49D078B}.Release|Any CPU.Build.0 = Release|Any CPU
		{ADA5D082-B314-4991-85EB-3010EAA9614D}.Debug|Any CPU.ActiveCfg = Debug|Any CPU
		{ADA5D082-B314-4991-85EB-3010EAA9614D}.Debug|Any CPU.Build.0 = Debug|Any CPU
		{ADA5D082-B314-4991-85EB-3010EAA9614D}.Release|Any CPU.ActiveCfg = Release|Any CPU
		{ADA5D082-B314-4991-85EB-3010EAA9614D}.Release|Any CPU.Build.0 = Release|Any CPU
		{6C6A2794-8BC8-4FF8-8648-A51C1B288C86}.Debug|Any CPU.ActiveCfg = Debug|Any CPU
		{6C6A2794-8BC8-4FF8-8648-A51C1B288C86}.Debug|Any CPU.Build.0 = Debug|Any CPU
		{6C6A2794-8BC8-4FF8-8648-A51C1B288C86}.Release|Any CPU.ActiveCfg = Release|Any CPU
		{6C6A2794-8BC8-4FF8-8648-A51C1B288C86}.Release|Any CPU.Build.0 = Release|Any CPU
	EndGlobalSection
	GlobalSection(SolutionProperties) = preSolution
		HideSolutionNode = FALSE
	EndGlobalSection
	GlobalSection(ExtensibilityGlobals) = postSolution
		SolutionGuid = {15DF66EE-B8C5-4B41-8E45-F846F633B36F}
	EndGlobalSection
EndGlobal
